
Microsoft Visual Studio Solution File, Format Version 12.00
# Visual Studio Version 17
VisualStudioVersion = 17.3.32922.545
MinimumVisualStudioVersion = 10.0.40219.1
Project("{9A19103F-16F7-4668-BE54-9A1E7A4F7556}") = "Day1", "Day1\Day1.csproj", "{623C2FAD-03D2-4B50-AA99-60F9A3D8347F}"
EndProject
Project("{9A19103F-16F7-4668-BE54-9A1E7A4F7556}") = "Day2", "Day2\Day2.csproj", "{6BAB1C89-FCA5-473F-A5C3-214B6B5949F5}"
EndProject
Project("{FAE04EC0-301F-11D3-BF4B-00C04F79EFBC}") = "Day3", "Day3\Day3.csproj", "{B83BBAE6-2BDC-4677-B3D8-25A09B10F4A0}"
EndProject
Global
	GlobalSection(SolutionConfigurationPlatforms) = preSolution
		Debug|Any CPU = Debug|Any CPU
		Release|Any CPU = Release|Any CPU
	EndGlobalSection
	GlobalSection(ProjectConfigurationPlatforms) = postSolution
		{623C2FAD-03D2-4B50-AA99-60F9A3D8347F}.Debug|Any CPU.ActiveCfg = Debug|Any CPU
		{623C2FAD-03D2-4B50-AA99-60F9A3D8347F}.Debug|Any CPU.Build.0 = Debug|Any CPU
		{623C2FAD-03D2-4B50-AA99-60F9A3D8347F}.Release|Any CPU.ActiveCfg = Release|Any CPU
		{623C2FAD-03D2-4B50-AA99-60F9A3D8347F}.Release|Any CPU.Build.0 = Release|Any CPU
		{6BAB1C89-FCA5-473F-A5C3-214B6B5949F5}.Debug|Any CPU.ActiveCfg = Debug|Any CPU
		{6BAB1C89-FCA5-473F-A5C3-214B6B5949F5}.Debug|Any CPU.Build.0 = Debug|Any CPU
		{6BAB1C89-FCA5-473F-A5C3-214B6B5949F5}.Release|Any CPU.ActiveCfg = Release|Any CPU
		{6BAB1C89-FCA5-473F-A5C3-214B6B5949F5}.Release|Any CPU.Build.0 = Release|Any CPU
		{B83BBAE6-2BDC-4677-B3D8-25A09B10F4A0}.Debug|Any CPU.ActiveCfg = Debug|Any CPU
		{B83BBAE6-2BDC-4677-B3D8-25A09B10F4A0}.Debug|Any CPU.Build.0 = Debug|Any CPU
		{B83BBAE6-2BDC-4677-B3D8-25A09B10F4A0}.Release|Any CPU.ActiveCfg = Release|Any CPU
		{B83BBAE6-2BDC-4677-B3D8-25A09B10F4A0}.Release|Any CPU.Build.0 = Release|Any CPU
	EndGlobalSection
	GlobalSection(SolutionProperties) = preSolution
		HideSolutionNode = FALSE
	EndGlobalSection
	GlobalSection(ExtensibilityGlobals) = postSolution
		SolutionGuid = {3C80BDE4-0DED-42BF-B26B-DB95F5F3B2F2}
	EndGlobalSection
EndGlobal
